
Microsoft Visual Studio Solution File, Format Version 12.00
# Visual Studio 15
VisualStudioVersion = 15.0.27004.2009
MinimumVisualStudioVersion = 10.0.40219.1
Project("{2150E333-8FDC-42A3-9474-1A3956D46DE8}") = "Data", "Data", "{A11F5F56-A312-4BE8-BCE8-603ABF0DE950}"
EndProject
Project("{9A19103F-16F7-4668-BE54-9A1E7A4F7556}") = "TwitterBackUp.Data.Identity", "TwitterBackUp.Data.Identity\TwitterBackUp.Data.Identity.csproj", "{42AC7046-B6EB-4839-993B-357E852716BB}"
EndProject
Project("{2150E333-8FDC-42A3-9474-1A3956D46DE8}") = "Presentation", "Presentation", "{328D08BC-ACAA-4A2D-B770-3F58F5C27D35}"
EndProject
Project("{2150E333-8FDC-42A3-9474-1A3956D46DE8}") = "Business", "Business", "{9F20D3F3-85FF-40D1-A2FA-53634F4E5281}"
EndProject
Project("{9A19103F-16F7-4668-BE54-9A1E7A4F7556}") = "TwitterBackUp.Services", "TwitterBackUp.Services\TwitterBackUp.Services.csproj", "{40BA781E-6D21-468B-9853-D2BC13B3D316}"
EndProject
Project("{9A19103F-16F7-4668-BE54-9A1E7A4F7556}") = "TwitterBackUp.DTO", "TwitterBackUp.DTO\TwitterBackUp.DTO.csproj", "{3F945356-5C55-4AAA-A12D-A2EC3BA4FB95}"
EndProject
Project("{9A19103F-16F7-4668-BE54-9A1E7A4F7556}") = "TwitterBackUp.DomainModels", "TwitterBackUp.DomainModels\TwitterBackUp.DomainModels.csproj", "{17D61B91-74AF-467F-BF7F-913E886D3CD0}"
EndProject
Project("{9A19103F-16F7-4668-BE54-9A1E7A4F7556}") = "TwitterBackUp.DataModels", "TwitterBackUp.DataModels\TwitterBackUp.DataModels.csproj", "{7E5E0838-BC1E-4A57-BAC2-51CAD96E9BB6}"
EndProject
Project("{2150E333-8FDC-42A3-9474-1A3956D46DE8}") = "Tests", "Tests", "{5BBABE2F-6049-4555-B99C-D8CBA0A59E30}"
EndProject
Project("{9A19103F-16F7-4668-BE54-9A1E7A4F7556}") = "TwitterBackUp.Tests", "TwitterBackUp.Tests\TwitterBackUp.Tests.csproj", "{0C2DA094-D0FD-41C2-8481-8AB4913435AF}"
EndProject
Project("{9A19103F-16F7-4668-BE54-9A1E7A4F7556}") = "TwitterBackUp.DataTests", "TwitterBackUp.DataTests\TwitterBackUp.DataTests.csproj", "{F030D023-D894-4E12-AFE3-40FC69AF1A31}"
EndProject
Project("{9A19103F-16F7-4668-BE54-9A1E7A4F7556}") = "TwitterBackUp", "TwitterBackUp\TwitterBackUp.csproj", "{CEC1D3DF-CBF0-4690-829C-BDA022A6C5D0}"
EndProject
Global
	GlobalSection(SolutionConfigurationPlatforms) = preSolution
		Debug|Any CPU = Debug|Any CPU
		Release|Any CPU = Release|Any CPU
	EndGlobalSection
	GlobalSection(ProjectConfigurationPlatforms) = postSolution
		{42AC7046-B6EB-4839-993B-357E852716BB}.Debug|Any CPU.ActiveCfg = Debug|Any CPU
		{42AC7046-B6EB-4839-993B-357E852716BB}.Debug|Any CPU.Build.0 = Debug|Any CPU
		{42AC7046-B6EB-4839-993B-357E852716BB}.Release|Any CPU.ActiveCfg = Release|Any CPU
		{42AC7046-B6EB-4839-993B-357E852716BB}.Release|Any CPU.Build.0 = Release|Any CPU
		{40BA781E-6D21-468B-9853-D2BC13B3D316}.Debug|Any CPU.ActiveCfg = Debug|Any CPU
		{40BA781E-6D21-468B-9853-D2BC13B3D316}.Debug|Any CPU.Build.0 = Debug|Any CPU
		{40BA781E-6D21-468B-9853-D2BC13B3D316}.Release|Any CPU.ActiveCfg = Release|Any CPU
		{40BA781E-6D21-468B-9853-D2BC13B3D316}.Release|Any CPU.Build.0 = Release|Any CPU
		{3F945356-5C55-4AAA-A12D-A2EC3BA4FB95}.Debug|Any CPU.ActiveCfg = Debug|Any CPU
		{3F945356-5C55-4AAA-A12D-A2EC3BA4FB95}.Debug|Any CPU.Build.0 = Debug|Any CPU
		{3F945356-5C55-4AAA-A12D-A2EC3BA4FB95}.Release|Any CPU.ActiveCfg = Release|Any CPU
		{3F945356-5C55-4AAA-A12D-A2EC3BA4FB95}.Release|Any CPU.Build.0 = Release|Any CPU
		{17D61B91-74AF-467F-BF7F-913E886D3CD0}.Debug|Any CPU.ActiveCfg = Debug|Any CPU
		{17D61B91-74AF-467F-BF7F-913E886D3CD0}.Debug|Any CPU.Build.0 = Debug|Any CPU
		{17D61B91-74AF-467F-BF7F-913E886D3CD0}.Release|Any CPU.ActiveCfg = Release|Any CPU
		{17D61B91-74AF-467F-BF7F-913E886D3CD0}.Release|Any CPU.Build.0 = Release|Any CPU
		{7E5E0838-BC1E-4A57-BAC2-51CAD96E9BB6}.Debug|Any CPU.ActiveCfg = Debug|Any CPU
		{7E5E0838-BC1E-4A57-BAC2-51CAD96E9BB6}.Debug|Any CPU.Build.0 = Debug|Any CPU
		{7E5E0838-BC1E-4A57-BAC2-51CAD96E9BB6}.Release|Any CPU.ActiveCfg = Release|Any CPU
		{7E5E0838-BC1E-4A57-BAC2-51CAD96E9BB6}.Release|Any CPU.Build.0 = Release|Any CPU
		{0C2DA094-D0FD-41C2-8481-8AB4913435AF}.Debug|Any CPU.ActiveCfg = Debug|Any CPU
		{0C2DA094-D0FD-41C2-8481-8AB4913435AF}.Debug|Any CPU.Build.0 = Debug|Any CPU
		{0C2DA094-D0FD-41C2-8481-8AB4913435AF}.Release|Any CPU.ActiveCfg = Release|Any CPU
		{0C2DA094-D0FD-41C2-8481-8AB4913435AF}.Release|Any CPU.Build.0 = Release|Any CPU
		{F030D023-D894-4E12-AFE3-40FC69AF1A31}.Debug|Any CPU.ActiveCfg = Debug|Any CPU
		{F030D023-D894-4E12-AFE3-40FC69AF1A31}.Debug|Any CPU.Build.0 = Debug|Any CPU
		{F030D023-D894-4E12-AFE3-40FC69AF1A31}.Release|Any CPU.ActiveCfg = Release|Any CPU
		{F030D023-D894-4E12-AFE3-40FC69AF1A31}.Release|Any CPU.Build.0 = Release|Any CPU
		{CEC1D3DF-CBF0-4690-829C-BDA022A6C5D0}.Debug|Any CPU.ActiveCfg = Debug|Any CPU
		{CEC1D3DF-CBF0-4690-829C-BDA022A6C5D0}.Debug|Any CPU.Build.0 = Debug|Any CPU
		{CEC1D3DF-CBF0-4690-829C-BDA022A6C5D0}.Release|Any CPU.ActiveCfg = Release|Any CPU
		{CEC1D3DF-CBF0-4690-829C-BDA022A6C5D0}.Release|Any CPU.Build.0 = Release|Any CPU
	EndGlobalSection
	GlobalSection(SolutionProperties) = preSolution
		HideSolutionNode = FALSE
	EndGlobalSection
	GlobalSection(NestedProjects) = preSolution
		{42AC7046-B6EB-4839-993B-357E852716BB} = {A11F5F56-A312-4BE8-BCE8-603ABF0DE950}
		{40BA781E-6D21-468B-9853-D2BC13B3D316} = {9F20D3F3-85FF-40D1-A2FA-53634F4E5281}
		{3F945356-5C55-4AAA-A12D-A2EC3BA4FB95} = {9F20D3F3-85FF-40D1-A2FA-53634F4E5281}
		{17D61B91-74AF-467F-BF7F-913E886D3CD0} = {A11F5F56-A312-4BE8-BCE8-603ABF0DE950}
		{7E5E0838-BC1E-4A57-BAC2-51CAD96E9BB6} = {A11F5F56-A312-4BE8-BCE8-603ABF0DE950}
		{0C2DA094-D0FD-41C2-8481-8AB4913435AF} = {5BBABE2F-6049-4555-B99C-D8CBA0A59E30}
		{F030D023-D894-4E12-AFE3-40FC69AF1A31} = {5BBABE2F-6049-4555-B99C-D8CBA0A59E30}
		{CEC1D3DF-CBF0-4690-829C-BDA022A6C5D0} = {328D08BC-ACAA-4A2D-B770-3F58F5C27D35}
	EndGlobalSection
	GlobalSection(ExtensibilityGlobals) = postSolution
		SolutionGuid = {98AC65EC-2DC4-477F-BA3F-7C33B14DDC65}
	EndGlobalSection
EndGlobal
